
Microsoft Visual Studio Solution File, Format Version 12.00
# Visual Studio 15
VisualStudioVersion = 15.0.27428.2037
MinimumVisualStudioVersion = 10.0.40219.1
Project("{FAE04EC0-301F-11D3-BF4B-00C04F79EFBC}") = "DevExpress-OData", "DevExpress-OData\DevExpress-OData.csproj", "{0F55177E-1739-4EFF-87CD-CEC87297B211}"
EndProject
Global
	GlobalSection(SolutionConfigurationPlatforms) = preSolution
		Debug|Any CPU = Debug|Any CPU
		Release|Any CPU = Release|Any CPU
	EndGlobalSection
	GlobalSection(ProjectConfigurationPlatforms) = postSolution
		{0F55177E-1739-4EFF-87CD-CEC87297B211}.Debug|Any CPU.ActiveCfg = Debug|Any CPU
		{0F55177E-1739-4EFF-87CD-CEC87297B211}.Debug|Any CPU.Build.0 = Debug|Any CPU
		{0F55177E-1739-4EFF-87CD-CEC87297B211}.Release|Any CPU.ActiveCfg = Release|Any CPU
		{0F55177E-1739-4EFF-87CD-CEC87297B211}.Release|Any CPU.Build.0 = Release|Any CPU
	EndGlobalSection
	GlobalSection(SolutionProperties) = preSolution
		HideSolutionNode = FALSE
	EndGlobalSection
	GlobalSection(ExtensibilityGlobals) = postSolution
		SolutionGuid = {6CB13A78-47EA-499E-B167-13A59BB45F07}
	EndGlobalSection
EndGlobal
